PODS:
  - ObjcSystemService (0.1.2):
    - ObjcSystemService/System (= 0.1.2)
  - ObjcSystemService/Broken (0.1.2)
  - ObjcSystemService/Device (0.1.2)
  - ObjcSystemService/Network (0.1.2)
  - ObjcSystemService/Storage (0.1.2)
  - ObjcSystemService/System (0.1.2):
    - ObjcSystemService/Broken
    - ObjcSystemService/Device
    - ObjcSystemService/Network
    - ObjcSystemService/Storage
    - ObjcSystemService/Time
  - ObjcSystemService/Time (0.1.2)

DEPENDENCIES:
  - ObjcSystemService (from `../`)

EXTERNAL SOURCES:
  ObjcSystemService:
    :path: "../"

SPEC CHECKSUMS:
  ObjcSystemService: 08609c50a31e903d2c122da9a19b1c2fd44c933b

PODFILE CHECKSUM: abe767f9c5666cefb16c0418516dd5b578ce9785

COCOAPODS: 1.16.2
