PODS:
  - ObjcSystemService (0.1.0):
    - ObjcSystemService/System (= 0.1.0)
  - ObjcSystemService/Broken (0.1.0)
  - ObjcSystemService/Device (0.1.0)
  - ObjcSystemService/Network (0.1.0)
  - ObjcSystemService/Storage (0.1.0)
  - ObjcSystemService/System (0.1.0):
    - ObjcSystemService/Broken
    - ObjcSystemService/Device
    - ObjcSystemService/Network
    - ObjcSystemService/Storage
    - ObjcSystemService/Time
  - ObjcSystemService/Time (0.1.0)

DEPENDENCIES:
  - ObjcSystemService (from `../`)

EXTERNAL SOURCES:
  ObjcSystemService:
    :path: "../"

SPEC CHECKSUMS:
  ObjcSystemService: d2c9dd22e488653529190e5c4c83016ee71c7c55

PODFILE CHECKSUM: abe767f9c5666cefb16c0418516dd5b578ce9785

COCOAPODS: 1.16.2
