PODS:
  - ObjcSystemService (0.1.5):
    - ObjcSystemService/System (= 0.1.5)
  - ObjcSystemService/Broken (0.1.5)
  - ObjcSystemService/Device (0.1.5)
  - ObjcSystemService/Network (0.1.5)
  - ObjcSystemService/Storage (0.1.5)
  - ObjcSystemService/System (0.1.5):
    - ObjcSystemService/Broken
    - ObjcSystemService/Device
    - ObjcSystemService/Network
    - ObjcSystemService/Storage
    - ObjcSystemService/Time
  - ObjcSystemService/Time (0.1.5)

DEPENDENCIES:
  - ObjcSystemService (from `../`)

EXTERNAL SOURCES:
  ObjcSystemService:
    :path: "../"

SPEC CHECKSUMS:
  ObjcSystemService: 2ec0ac23880cd574e750fc39e09f84c00841dbfa

PODFILE CHECKSUM: abe767f9c5666cefb16c0418516dd5b578ce9785

COCOAPODS: 1.16.2
